// !$*UTF8*$!
{
	archiveVersion = 1;
	classes = {
	};
	objectVersion = 48;
	objects = {

/* Begin PBXBuildFile section */
		425326121FBDAD8700A927DC /* AppDelegate.swift in Sources */ = {isa = PBXBuildFile; fileRef = 425326111FBDAD8700A927DC /* AppDelegate.swift */; };
		425326141FBDAD8700A927DC /* ViewController.swift in Sources */ = {isa = PBXBuildFile; fileRef = 425326131FBDAD8700A927DC /* ViewController.swift */; };
		425326171FBDAD8700A927DC /* Main.storyboard in Resources */ = {isa = PBXBuildFile; fileRef = 425326151FBDAD8700A927DC /* Main.storyboard */; };
		425326191FBDAD8700A927DC /* Assets.xcassets in Resources */ = {isa = PBXBuildFile; fileRef = 425326181FBDAD8700A927DC /* Assets.xcassets */; };
		4253261C1FBDAD8700A927DC /* LaunchScreen.storyboard in Resources */ = {isa = PBXBuildFile; fileRef = 4253261A1FBDAD8700A927DC /* LaunchScreen.storyboard */; };
		425326241FBDADD700A927DC /* fontawesome-webfont.ttf in Resources */ = {isa = PBXBuildFile; fileRef = 425326231FBDADD700A927DC /* fontawesome-webfont.ttf */; };
/* End PBXBuildFile section */

/* Begin PBXFileReference section */
		4253260E1FBDAD8700A927DC /* FontAwesomeTest.app */ = {isa = PBXFileReference; explicitFileType = wrapper.application; includeInIndex = 0; path = FontAwesomeTest.app; sourceTree = BUILT_PRODUCTS_DIR; };
		425326111FBDAD8700A927DC /* AppDelegate.swift */ = {isa = PBXFileReference; lastKnownFileType = sourcecode.swift; path = AppDelegate.swift; sourceTree = "<group>"; };
		425326131FBDAD8700A927DC /* ViewController.swift */ = {isa = PBXFileReference; lastKnownFileType = sourcecode.swift; path = ViewController.swift; sourceTree = "<group>"; };
		425326161FBDAD8700A927DC /* Base */ = {isa = PBXFileReference; lastKnownFileType = file.storyboard; name = Base; path = Base.lproj/Main.storyboard; sourceTree = "<group>"; };
		425326181FBDAD8700A927DC /* Assets.xcassets */ = {isa = PBXFileReference; lastKnownFileType = folder.assetcatalog; path = Assets.xcassets; sourceTree = "<group>"; };
		4253261B1FBDAD8700A927DC /* Base */ = {isa = PBXFileReference; lastKnownFileType = file.storyboard; name = Base; path = Base.lproj/LaunchScreen.storyboard; sourceTree = "<group>"; };
		4253261D1FBDAD8700A927DC /* Info.plist */ = {isa = PBXFileReference; lastKnownFileType = text.plist.xml; path = Info.plist; sourceTree = "<group>"; };
		425326231FBDADD700A927DC /* fontawesome-webfont.ttf */ = {isa = PBXFileReference; lastKnownFileType = file; path = "fontawesome-webfont.ttf"; sourceTree = "<group>"; };
/* End PBXFileReference section */

/* Begin PBXFrameworksBuildPhase section */
		4253260B1FBDAD8700A927DC /* Frameworks */ = {
			isa = PBXFrameworksBuildPhase;
			buildActionMask = 2147483647;
			files = (
			);
			runOnlyForDeploymentPostprocessing = 0;
		};
/* End PBXFrameworksBuildPhase section */

/* Begin PBXGroup section */
		425326051FBDAD8700A927DC = {
			isa = PBXGroup;
			children = (
				425326101FBDAD8700A927DC /* FontAwesomeTest */,
				4253260F1FBDAD8700A927DC /* Products */,
			);
			sourceTree = "<group>";
		};
		4253260F1FBDAD8700A927DC /* Products */ = {
			isa = PBXGroup;
			children = (
				4253260E1FBDAD8700A927DC /* FontAwesomeTest.app */,
			);
			name = Products;
			sourceTree = "<group>";
		};
		425326101FBDAD8700A927DC /* FontAwesomeTest */ = {
			isa = PBXGroup;
			children = (
				425326231FBDADD700A927DC /* fontawesome-webfont.ttf */,
				425326111FBDAD8700A927DC /* AppDelegate.swift */,
				425326131FBDAD8700A927DC /* ViewController.swift */,
				425326151FBDAD8700A927DC /* Main.storyboard */,
				425326181FBDAD8700A927DC /* Assets.xcassets */,
				4253261A1FBDAD8700A927DC /* LaunchScreen.storyboard */,
				4253261D1FBDAD8700A927DC /* Info.plist */,
			);
			path = FontAwesomeTest;
			sourceTree = "<group>";
		};
/* End PBXGroup section */

/* Begin PBXNativeTarget section */
		4253260D1FBDAD8700A927DC /* FontAwesomeTest */ = {
			isa = PBXNativeTarget;
			buildConfigurationList = 425326201FBDAD8700A927DC /* Build configuration list for PBXNativeTarget "FontAwesomeTest" */;
			buildPhases = (
				4253260A1FBDAD8700A927DC /* Sources */,
				4253260B1FBDAD8700A927DC /* Frameworks */,
				4253260C1FBDAD8700A927DC /* Resources */,
			);
			buildRules = (
			);
			dependencies = (
			);
			name = FontAwesomeTest;
			productName = FontAwesomeTest;
			productReference = 4253260E1FBDAD8700A927DC /* FontAwesomeTest.app */;
			productType = "com.apple.product-type.application";
		};
/* End PBXNativeTarget section */

/* Begin PBXProject section */
		425326061FBDAD8700A927DC /* Project object */ = {
			isa = PBXProject;
			attributes = {
				LastSwiftUpdateCheck = 0910;
				LastUpgradeCheck = 0910;
				ORGANIZATIONNAME = EnvisionMobile;
				TargetAttributes = {
					4253260D1FBDAD8700A927DC = {
						CreatedOnToolsVersion = 9.1;
						ProvisioningStyle = Automatic;
					};
				};
			};
			buildConfigurationList = 425326091FBDAD8700A927DC /* Build configuration list for PBXProject "FontAwesomeTest" */;
			compatibilityVersion = "Xcode 8.0";
			developmentRegion = en;
			hasScannedForEncodings = 0;
			knownRegions = (
				en,
				Base,
			);
			mainGroup = 425326051FBDAD8700A927DC;
			productRefGroup = 4253260F1FBDAD8700A927DC /* Products */;
			projectDirPath = "";
			projectRoot = "";
			targets = (
				4253260D1FBDAD8700A927DC /* FontAwesomeTest */,
			);
		};
/* End PBXProject section */

/* Begin PBXResourcesBuildPhase section */
		4253260C1FBDAD8700A927DC /* Resources */ = {
			isa = PBXResourcesBuildPhase;
			buildActionMask = 2147483647;
			files = (
				4253261C1FBDAD8700A927DC /* LaunchScreen.storyboard in Resources */,
				425326241FBDADD700A927DC /* fontawesome-webfont.ttf in Resources */,
				425326191FBDAD8700A927DC /* Assets.xcassets in Resources */,
				425326171FBDAD8700A927DC /* Main.storyboard in Resources */,
			);
			runOnlyForDeploymentPostprocessing = 0;
		};
/* End PBXResourcesBuildPhase section */

/* Begin PBXSourcesBuildPhase section */
		4253260A1FBDAD8700A927DC /* Sources */ = {
			isa = PBXSourcesBuildPhase;
			buildActionMask = 2147483647;
			files = (
				425326141FBDAD8700A927DC /* ViewController.swift in Sources */,
				425326121FBDAD8700A927DC /* AppDelegate.swift in Sources */,
			);
			runOnlyForDeploymentPostprocessing = 0;
		};
/* End PBXSourcesBuildPhase section */

/* Begin PBXVariantGroup section */
		425326151FBDAD8700A927DC /* Main.storyboard */ = {
			isa = PBXVariantGroup;
			children = (
				425326161FBDAD8700A927DC /* Base */,
			);
			name = Main.storyboard;
			sourceTree = "<group>";
		};
		4253261A1FBDAD8700A927DC /* LaunchScreen.storyboard */ = {
			isa = PBXVariantGroup;
			children = (
				4253261B1FBDAD8700A927DC /* Base */,
			);
			name = LaunchScreen.storyboard;
			sourceTree = "<group>";
		};
/* End PBXVariantGroup section */

/* Begin XCBuildConfiguration section */
		4253261E1FBDAD8700A927DC /* Debug */ = {
			isa = XCBuildConfiguration;
			buildSettings = {
				ALWAYS_SEARCH_USER_PATHS = NO;
				CLANG_ANALYZER_NONNULL = YES;
				CLANG_ANALYZER_NUMBER_OBJECT_CONVERSION = YES_AGGRESSIVE;
				CLANG_CXX_LANGUAGE_STANDARD = "gnu++14";
				CLANG_CXX_LIBRARY = "libc++";
				CLANG_ENABLE_MODULES = YES;
				CLANG_ENABLE_OBJC_ARC = YES;
				CLANG_WARN_BLOCK_CAPTURE_AUTORELEASING = YES;
				CLANG_WARN_BOOL_CONVERSION = YES;
				CLANG_WARN_COMMA = YES;
				CLANG_WARN_CONSTANT_CONVERSION = YES;
				CLANG_WARN_DIRECT_OBJC_ISA_USAGE = YES_ERROR;
				CLANG_WARN_DOCUMENTATION_COMMENTS = YES;
				CLANG_WARN_EMPTY_BODY = YES;
				CLANG_WARN_ENUM_CONVERSION = YES;
				CLANG_WARN_INFINITE_RECURSION = YES;
				CLANG_WARN_INT_CONVERSION = YES;
				CLANG_WARN_NON_LITERAL_NULL_CONVERSION = YES;
				CLANG_WARN_OBJC_LITERAL_CONVERSION = YES;
				CLANG_WARN_OBJC_ROOT_CLASS = YES_ERROR;
				CLANG_WARN_RANGE_LOOP_ANALYSIS = YES;
				CLANG_WARN_STRICT_PROTOTYPES = YES;
				CLANG_WARN_SUSPICIOUS_MOVE = YES;
				CLANG_WARN_UNGUARDED_AVAILABILITY = YES_AGGRESSIVE;
				CLANG_WARN_UNREACHABLE_CODE = YES;
				CLANG_WARN__DUPLICATE_METHOD_MATCH = YES;
				CODE_SIGN_IDENTITY = "iPhone Developer";
				COPY_PHASE_STRIP = NO;
				DEBUG_INFORMATION_FORMAT = dwarf;
				ENABLE_STRICT_OBJC_MSGSEND = YES;
				ENABLE_TESTABILITY = YES;
				GCC_C_LANGUAGE_STANDARD = gnu11;
				GCC_DYNAMIC_NO_PIC = NO;
				GCC_NO_COMMON_BLOCKS = YES;
				GCC_OPTIMIZATION_LEVEL = 0;
				GCC_PREPROCESSOR_DEFINITIONS = (
					"DEBUG=1",
					"$(inherited)",
				);
				GCC_WARN_64_TO_32_BIT_CONVERSION = YES;
				GCC_WARN_ABOUT_RETURN_TYPE = YES_ERROR;
				GCC_WARN_UNDECLARED_SELECTOR = YES;
				GCC_WARN_UNINITIALIZED_AUTOS = YES_AGGRESSIVE;
				GCC_WARN_UNUSED_FUNCTION = YES;
				GCC_WARN_UNUSED_VARIABLE = YES;
				IPHONEOS_DEPLOYMENT_TARGET = 11.1;
				MTL_ENABLE_DEBUG_INFO = YES;
				ONLY_ACTIVE_ARCH = YES;
				SDKROOT = iphoneos;
				SWIFT_ACTIVE_COMPILATION_CONDITIONS = DEBUG;
				SWIFT_OPTIMIZATION_LEVEL = "-Onone";
			};
			name = Debug;
		};
		4253261F1FBDAD8700A927DC /* Release */ = {
			isa = XCBuildConfiguration;
			buildSettings = {
				ALWAYS_SEARCH_USER_PATHS = NO;
				CLANG_ANALYZER_NONNULL = YES;
				CLANG_ANALYZER_NUMBER_OBJECT_CONVERSION = YES_AGGRESSIVE;
				CLANG_CXX_LANGUAGE_STANDARD = "gnu++14";
				CLANG_CXX_LIBRARY = "libc++";
				CLANG_ENABLE_MODULES = YES;
				CLANG_ENABLE_OBJC_ARC = YES;
				CLANG_WARN_BLOCK_CAPTURE_AUTORELEASING = YES;
				CLANG_WARN_BOOL_CONVERSION = YES;
				CLANG_WARN_COMMA = YES;
				CLANG_WARN_CONSTANT_CONVERSION = YES;
				CLANG_WARN_DIRECT_OBJC_ISA_USAGE = YES_ERROR;
				CLANG_WARN_DOCUMENTATION_COMMENTS = YES;
				CLANG_WARN_EMPTY_BODY = YES;
				CLANG_WARN_ENUM_CONVERSION = YES;
				CLANG_WARN_INFINITE_RECURSION = YES;
				CLANG_WARN_INT_CONVERSION = YES;
				CLANG_WARN_NON_LITERAL_NULL_CONVERSION = YES;
				CLANG_WARN_OBJC_LITERAL_CONVERSION = YES;
				CLANG_WARN_OBJC_ROOT_CLASS = YES_ERROR;
				CLANG_WARN_RANGE_LOOP_ANALYSIS = YES;
				CLANG_WARN_STRICT_PROTOTYPES = YES;
				CLANG_WARN_SUSPICIOUS_MOVE = YES;
				CLANG_WARN_UNGUARDED_AVAILABILITY = YES_AGGRESSIVE;
				CLANG_WARN_UNREACHABLE_CODE = YES;
				CLANG_WARN__DUPLICATE_METHOD_MATCH = YES;
				CODE_SIGN_IDENTITY = "iPhone Developer";
				COPY_PHASE_STRIP = NO;
				DEBUG_INFORMATION_FORMAT = "dwarf-with-dsym";
				ENABLE_NS_ASSERTIONS = NO;
				ENABLE_STRICT_OBJC_MSGSEND = YES;
				GCC_C_LANGUAGE_STANDARD = gnu11;
				GCC_NO_COMMON_BLOCKS = YES;
				GCC_WARN_64_TO_32_BIT_CONVERSION = YES;
				GCC_WARN_ABOUT_RETURN_TYPE = YES_ERROR;
				GCC_WARN_UNDECLARED_SELECTOR = YES;
				GCC_WARN_UNINITIALIZED_AUTOS = YES_AGGRESSIVE;
				GCC_WARN_UNUSED_FUNCTION = YES;
				GCC_WARN_UNUSED_VARIABLE = YES;
				IPHONEOS_DEPLOYMENT_TARGET = 11.1;
				MTL_ENABLE_DEBUG_INFO = NO;
				SDKROOT = iphoneos;
				SWIFT_OPTIMIZATION_LEVEL = "-Owholemodule";
				VALIDATE_PRODUCT = YES;
			};
			name = Release;
		};
		425326211FBDAD8700A927DC /* Debug */ = {
			isa = XCBuildConfiguration;
			buildSettings = {
				ASSETCATALOG_COMPILER_APPICON_NAME = AppIcon;
				CODE_SIGN_STYLE = Automatic;
				INFOPLIST_FILE = FontAwesomeTest/Info.plist;
				LD_RUNPATH_SEARCH_PATHS = "$(inherited) @executable_path/Frameworks";
				PRODUCT_BUNDLE_IDENTIFIER = com.envisionmobile.FontAwesomeTest;
				PRODUCT_NAME = "$(TARGET_NAME)";
				SWIFT_VERSION = 4.0;
				TARGETED_DEVICE_FAMILY = 1;
			};
			name = Debug;
		};
		425326221FBDAD8700A927DC /* Release */ = {
			isa = XCBuildConfiguration;
			buildSettings = {
				ASSETCATALOG_COMPILER_APPICON_NAME = AppIcon;
				CODE_SIGN_STYLE = Automatic;
				INFOPLIST_FILE = FontAwesomeTest/Info.plist;
				LD_RUNPATH_SEARCH_PATHS = "$(inherited) @executable_path/Frameworks";
				PRODUCT_BUNDLE_IDENTIFIER = com.envisionmobile.FontAwesomeTest;
				PRODUCT_NAME = "$(TARGET_NAME)";
				SWIFT_VERSION = 4.0;
				TARGETED_DEVICE_FAMILY = 1;
			};
			name = Release;
		};
/* End XCBuildConfiguration section */

/* Begin XCConfigurationList section */
		425326091FBDAD8700A927DC /* Build configuration list for PBXProject "FontAwesomeTest" */ = {
			isa = XCConfigurationList;
			buildConfigurations = (
				4253261E1FBDAD8700A927DC /* Debug */,
				4253261F1FBDAD8700A927DC /* Release */,
			);
			defaultConfigurationIsVisible = 0;
			defaultConfigurationName = Release;
		};
		425326201FBDAD8700A927DC /* Build configuration list for PBXNativeTarget "FontAwesomeTest" */ = {
			isa = XCConfigurationList;
			buildConfigurations = (
				425326211FBDAD8700A927DC /* Debug */,
				425326221FBDAD8700A927DC /* Release */,
			);
			defaultConfigurationIsVisible = 0;
			defaultConfigurationName = Release;
		};
/* End XCConfigurationList section */
	};
	rootObject = 425326061FBDAD8700A927DC /* Project object */;
}
